// !$*UTF8*$!
{
	archiveVersion = 1;
	classes = {
	};
	objectVersion = 50;
	objects = {

/* Begin PBXBuildFile section */
		AD9226CB2238BEEF00A5B7D6 /* LineChart.swift in Sources */ = {isa = PBXBuildFile; fileRef = AD9226C82238BEEF00A5B7D6 /* LineChart.swift */; };
		AD9226CC2238BEEF00A5B7D6 /* DotCALayer.swift in Sources */ = {isa = PBXBuildFile; fileRef = AD9226C92238BEEF00A5B7D6 /* DotCALayer.swift */; };
		AD9226CE2238C76E00A5B7D6 /* ColorSchemeProtocol.swift in Sources */ = {isa = PBXBuildFile; fileRef = AD9226CD2238C76E00A5B7D6 /* ColorSchemeProtocol.swift */; };
		AD9226D02238CBA800A5B7D6 /* PointModel.swift in Sources */ = {isa = PBXBuildFile; fileRef = AD9226CF2238CBA800A5B7D6 /* PointModel.swift */; };
		AD9226D2223A122B00A5B7D6 /* DrawingStyleProtocol.swift in Sources */ = {isa = PBXBuildFile; fileRef = AD9226D1223A122B00A5B7D6 /* DrawingStyleProtocol.swift */; };
		AD9226D5223A12A900A5B7D6 /* DayScheme.swift in Sources */ = {isa = PBXBuildFile; fileRef = AD9226D4223A12A900A5B7D6 /* DayScheme.swift */; };
		AD9226D7223A12B800A5B7D6 /* NightScheme.swift in Sources */ = {isa = PBXBuildFile; fileRef = AD9226D6223A12B800A5B7D6 /* NightScheme.swift */; };
		AD9226DA223A135D00A5B7D6 /* StandardDrawingStyle.swift in Sources */ = {isa = PBXBuildFile; fileRef = AD9226D9223A135D00A5B7D6 /* StandardDrawingStyle.swift */; };
		AD9226DC223A137600A5B7D6 /* CurveDrawingStyle.swift in Sources */ = {isa = PBXBuildFile; fileRef = AD9226DB223A137600A5B7D6 /* CurveDrawingStyle.swift */; };
		AD9226DE223A286E00A5B7D6 /* Int+Format.swift in Sources */ = {isa = PBXBuildFile; fileRef = AD9226DD223A286E00A5B7D6 /* Int+Format.swift */; };
		AD9226E0223B6EF000A5B7D6 /* chart_data_copy.json in Resources */ = {isa = PBXBuildFile; fileRef = AD9226DF223B6EF000A5B7D6 /* chart_data_copy.json */; };
		ADE5770E2236E8920006200D /* chart_data.json in Resources */ = {isa = PBXBuildFile; fileRef = ADE577042236E8920006200D /* chart_data.json */; };
		ADE5770F2236E8920006200D /* Assets.xcassets in Resources */ = {isa = PBXBuildFile; fileRef = ADE577052236E8920006200D /* Assets.xcassets */; };
		ADE577102236E8920006200D /* LaunchScreen.storyboard in Resources */ = {isa = PBXBuildFile; fileRef = ADE577062236E8920006200D /* LaunchScreen.storyboard */; };
		ADE577112236E8920006200D /* Main.storyboard in Resources */ = {isa = PBXBuildFile; fileRef = ADE577082236E8920006200D /* Main.storyboard */; };
		ADE577132236E8920006200D /* ViewController.swift in Sources */ = {isa = PBXBuildFile; fileRef = ADE5770C2236E8920006200D /* ViewController.swift */; };
		ADE577142236E8920006200D /* AppDelegate.swift in Sources */ = {isa = PBXBuildFile; fileRef = ADE5770D2236E8920006200D /* AppDelegate.swift */; };
		ADE577212236EDB20006200D /* DataChartModelFactory.swift in Sources */ = {isa = PBXBuildFile; fileRef = ADE577202236EDB20006200D /* DataChartModelFactory.swift */; };
		ADE577252236FE620006200D /* UIColor+Initializer.swift in Sources */ = {isa = PBXBuildFile; fileRef = ADE577242236FE620006200D /* UIColor+Initializer.swift */; };
		ADE57727223702C50006200D /* DataChartModel.swift in Sources */ = {isa = PBXBuildFile; fileRef = ADE57726223702C50006200D /* DataChartModel.swift */; };
/* End PBXBuildFile section */

/* Begin PBXFileReference section */
		AD9226C82238BEEF00A5B7D6 /* LineChart.swift */ = {isa = PBXFileReference; fileEncoding = 4; lastKnownFileType = sourcecode.swift; path = LineChart.swift; sourceTree = "<group>"; };
		AD9226C92238BEEF00A5B7D6 /* DotCALayer.swift */ = {isa = PBXFileReference; fileEncoding = 4; lastKnownFileType = sourcecode.swift; path = DotCALayer.swift; sourceTree = "<group>"; };
		AD9226CD2238C76E00A5B7D6 /* ColorSchemeProtocol.swift */ = {isa = PBXFileReference; lastKnownFileType = sourcecode.swift; path = ColorSchemeProtocol.swift; sourceTree = "<group>"; };
		AD9226CF2238CBA800A5B7D6 /* PointModel.swift */ = {isa = PBXFileReference; lastKnownFileType = sourcecode.swift; path = PointModel.swift; sourceTree = "<group>"; };
		AD9226D1223A122B00A5B7D6 /* DrawingStyleProtocol.swift */ = {isa = PBXFileReference; lastKnownFileType = sourcecode.swift; path = DrawingStyleProtocol.swift; sourceTree = "<group>"; };
		AD9226D4223A12A900A5B7D6 /* DayScheme.swift */ = {isa = PBXFileReference; lastKnownFileType = sourcecode.swift; path = DayScheme.swift; sourceTree = "<group>"; };
		AD9226D6223A12B800A5B7D6 /* NightScheme.swift */ = {isa = PBXFileReference; lastKnownFileType = sourcecode.swift; path = NightScheme.swift; sourceTree = "<group>"; };
		AD9226D9223A135D00A5B7D6 /* StandardDrawingStyle.swift */ = {isa = PBXFileReference; lastKnownFileType = sourcecode.swift; path = StandardDrawingStyle.swift; sourceTree = "<group>"; };
		AD9226DB223A137600A5B7D6 /* CurveDrawingStyle.swift */ = {isa = PBXFileReference; lastKnownFileType = sourcecode.swift; path = CurveDrawingStyle.swift; sourceTree = "<group>"; };
		AD9226DD223A286E00A5B7D6 /* Int+Format.swift */ = {isa = PBXFileReference; lastKnownFileType = sourcecode.swift; path = "Int+Format.swift"; sourceTree = "<group>"; };
		AD9226DF223B6EF000A5B7D6 /* chart_data_copy.json */ = {isa = PBXFileReference; fileEncoding = 4; lastKnownFileType = text.json; path = chart_data_copy.json; sourceTree = "<group>"; };
		ADE576EC2236E59B0006200D /* TelegramCharts.app */ = {isa = PBXFileReference; explicitFileType = wrapper.application; includeInIndex = 0; path = TelegramCharts.app; sourceTree = BUILT_PRODUCTS_DIR; };
		ADE577042236E8920006200D /* chart_data.json */ = {isa = PBXFileReference; fileEncoding = 4; lastKnownFileType = text.json; path = chart_data.json; sourceTree = "<group>"; };
		ADE577052236E8920006200D /* Assets.xcassets */ = {isa = PBXFileReference; lastKnownFileType = folder.assetcatalog; path = Assets.xcassets; sourceTree = "<group>"; };
		ADE577072236E8920006200D /* Base */ = {isa = PBXFileReference; lastKnownFileType = file.storyboard; name = Base; path = Base.lproj/LaunchScreen.storyboard; sourceTree = "<group>"; };
		ADE577092236E8920006200D /* Base */ = {isa = PBXFileReference; lastKnownFileType = file.storyboard; name = Base; path = Base.lproj/Main.storyboard; sourceTree = "<group>"; };
		ADE5770A2236E8920006200D /* Info.plist */ = {isa = PBXFileReference; fileEncoding = 4; lastKnownFileType = text.plist.xml; path = Info.plist; sourceTree = "<group>"; };
		ADE5770C2236E8920006200D /* ViewController.swift */ = {isa = PBXFileReference; fileEncoding = 4; lastKnownFileType = sourcecode.swift; path = ViewController.swift; sourceTree = "<group>"; };
		ADE5770D2236E8920006200D /* AppDelegate.swift */ = {isa = PBXFileReference; fileEncoding = 4; lastKnownFileType = sourcecode.swift; path = AppDelegate.swift; sourceTree = "<group>"; };
		ADE577202236EDB20006200D /* DataChartModelFactory.swift */ = {isa = PBXFileReference; lastKnownFileType = sourcecode.swift; path = DataChartModelFactory.swift; sourceTree = "<group>"; };
		ADE577242236FE620006200D /* UIColor+Initializer.swift */ = {isa = PBXFileReference; lastKnownFileType = sourcecode.swift; path = "UIColor+Initializer.swift"; sourceTree = "<group>"; };
		ADE57726223702C50006200D /* DataChartModel.swift */ = {isa = PBXFileReference; fileEncoding = 4; lastKnownFileType = sourcecode.swift; path = DataChartModel.swift; sourceTree = "<group>"; };
/* End PBXFileReference section */

/* Begin PBXFrameworksBuildPhase section */
		ADE576E92236E59B0006200D /* Frameworks */ = {
			isa = PBXFrameworksBuildPhase;
			buildActionMask = 2147483647;
			files = (
			);
			runOnlyForDeploymentPostprocessing = 0;
		};
/* End PBXFrameworksBuildPhase section */

/* Begin PBXGroup section */
		AD9226C62238BEC100A5B7D6 /* UI */ = {
			isa = PBXGroup;
			children = (
				AD9226D8223A12D300A5B7D6 /* DrawingStyle */,
				AD9226D3223A129600A5B7D6 /* ColorScheme */,
				AD9226C92238BEEF00A5B7D6 /* DotCALayer.swift */,
				AD9226C82238BEEF00A5B7D6 /* LineChart.swift */,
				AD9226CF2238CBA800A5B7D6 /* PointModel.swift */,
			);
			path = UI;
			sourceTree = "<group>";
		};
		AD9226D3223A129600A5B7D6 /* ColorScheme */ = {
			isa = PBXGroup;
			children = (
				AD9226CD2238C76E00A5B7D6 /* ColorSchemeProtocol.swift */,
				AD9226D4223A12A900A5B7D6 /* DayScheme.swift */,
				AD9226D6223A12B800A5B7D6 /* NightScheme.swift */,
			);
			path = ColorScheme;
			sourceTree = "<group>";
		};
		AD9226D8223A12D300A5B7D6 /* DrawingStyle */ = {
			isa = PBXGroup;
			children = (
				AD9226D1223A122B00A5B7D6 /* DrawingStyleProtocol.swift */,
				AD9226D9223A135D00A5B7D6 /* StandardDrawingStyle.swift */,
				AD9226DB223A137600A5B7D6 /* CurveDrawingStyle.swift */,
			);
			path = DrawingStyle;
			sourceTree = "<group>";
		};
		ADE576E32236E59B0006200D = {
			isa = PBXGroup;
			children = (
				ADE576EE2236E59B0006200D /* TelegramCharts */,
				ADE576ED2236E59B0006200D /* Products */,
			);
			sourceTree = "<group>";
		};
		ADE576ED2236E59B0006200D /* Products */ = {
			isa = PBXGroup;
			children = (
				ADE576EC2236E59B0006200D /* TelegramCharts.app */,
			);
			name = Products;
			sourceTree = "<group>";
		};
		ADE576EE2236E59B0006200D /* TelegramCharts */ = {
			isa = PBXGroup;
			children = (
				ADE577032236E8920006200D /* Resources */,
				ADE5770B2236E8920006200D /* Sources */,
			);
			path = TelegramCharts;
			sourceTree = "<group>";
		};
		ADE577032236E8920006200D /* Resources */ = {
			isa = PBXGroup;
			children = (
				ADE577042236E8920006200D /* chart_data.json */,
				AD9226DF223B6EF000A5B7D6 /* chart_data_copy.json */,
				ADE577052236E8920006200D /* Assets.xcassets */,
				ADE577062236E8920006200D /* LaunchScreen.storyboard */,
				ADE577082236E8920006200D /* Main.storyboard */,
				ADE5770A2236E8920006200D /* Info.plist */,
			);
			path = Resources;
			sourceTree = "<group>";
		};
		ADE5770B2236E8920006200D /* Sources */ = {
			isa = PBXGroup;
			children = (
				AD9226C62238BEC100A5B7D6 /* UI */,
				ADE577232236FE500006200D /* Extensions */,
				ADE577222236FE450006200D /* Model */,
				ADE5770C2236E8920006200D /* ViewController.swift */,
				ADE5770D2236E8920006200D /* AppDelegate.swift */,
			);
			path = Sources;
			sourceTree = "<group>";
		};
		ADE577222236FE450006200D /* Model */ = {
			isa = PBXGroup;
			children = (
				ADE577202236EDB20006200D /* DataChartModelFactory.swift */,
				ADE57726223702C50006200D /* DataChartModel.swift */,
			);
			path = Model;
			sourceTree = "<group>";
		};
		ADE577232236FE500006200D /* Extensions */ = {
			isa = PBXGroup;
			children = (
				ADE577242236FE620006200D /* UIColor+Initializer.swift */,
				AD9226DD223A286E00A5B7D6 /* Int+Format.swift */,
			);
			path = Extensions;
			sourceTree = "<group>";
		};
/* End PBXGroup section */

/* Begin PBXNativeTarget section */
		ADE576EB2236E59B0006200D /* TelegramCharts */ = {
			isa = PBXNativeTarget;
			buildConfigurationList = ADE576FE2236E59E0006200D /* Build configuration list for PBXNativeTarget "TelegramCharts" */;
			buildPhases = (
				ADE576E82236E59B0006200D /* Sources */,
				ADE576E92236E59B0006200D /* Frameworks */,
				ADE576EA2236E59B0006200D /* Resources */,
			);
			buildRules = (
			);
			dependencies = (
			);
			name = TelegramCharts;
			productName = TelegramCharts;
			productReference = ADE576EC2236E59B0006200D /* TelegramCharts.app */;
			productType = "com.apple.product-type.application";
		};
/* End PBXNativeTarget section */

/* Begin PBXProject section */
		ADE576E42236E59B0006200D /* Project object */ = {
			isa = PBXProject;
			attributes = {
				LastSwiftUpdateCheck = 1010;
				LastUpgradeCheck = 1010;
				ORGANIZATIONNAME = "Sergey Zapuhlyak";
				TargetAttributes = {
					ADE576EB2236E59B0006200D = {
						CreatedOnToolsVersion = 10.1;
					};
				};
			};
			buildConfigurationList = ADE576E72236E59B0006200D /* Build configuration list for PBXProject "TelegramCharts" */;
			compatibilityVersion = "Xcode 9.3";
			developmentRegion = en;
			hasScannedForEncodings = 0;
			knownRegions = (
				en,
				Base,
			);
			mainGroup = ADE576E32236E59B0006200D;
			productRefGroup = ADE576ED2236E59B0006200D /* Products */;
			projectDirPath = "";
			projectRoot = "";
			targets = (
				ADE576EB2236E59B0006200D /* TelegramCharts */,
			);
		};
/* End PBXProject section */

/* Begin PBXResourcesBuildPhase section */
		ADE576EA2236E59B0006200D /* Resources */ = {
			isa = PBXResourcesBuildPhase;
			buildActionMask = 2147483647;
			files = (
				ADE577102236E8920006200D /* LaunchScreen.storyboard in Resources */,
				ADE5770F2236E8920006200D /* Assets.xcassets in Resources */,
				ADE5770E2236E8920006200D /* chart_data.json in Resources */,
				ADE577112236E8920006200D /* Main.storyboard in Resources */,
				AD9226E0223B6EF000A5B7D6 /* chart_data_copy.json in Resources */,
			);
			runOnlyForDeploymentPostprocessing = 0;
		};
/* End PBXResourcesBuildPhase section */

/* Begin PBXSourcesBuildPhase section */
		ADE576E82236E59B0006200D /* Sources */ = {
			isa = PBXSourcesBuildPhase;
			buildActionMask = 2147483647;
			files = (
				ADE577142236E8920006200D /* AppDelegate.swift in Sources */,
				AD9226D7223A12B800A5B7D6 /* NightScheme.swift in Sources */,
				ADE577132236E8920006200D /* ViewController.swift in Sources */,
				AD9226DA223A135D00A5B7D6 /* StandardDrawingStyle.swift in Sources */,
				AD9226CE2238C76E00A5B7D6 /* ColorSchemeProtocol.swift in Sources */,
				ADE577252236FE620006200D /* UIColor+Initializer.swift in Sources */,
				AD9226D02238CBA800A5B7D6 /* PointModel.swift in Sources */,
				AD9226CC2238BEEF00A5B7D6 /* DotCALayer.swift in Sources */,
				ADE577212236EDB20006200D /* DataChartModelFactory.swift in Sources */,
				AD9226CB2238BEEF00A5B7D6 /* LineChart.swift in Sources */,
				ADE57727223702C50006200D /* DataChartModel.swift in Sources */,
				AD9226D5223A12A900A5B7D6 /* DayScheme.swift in Sources */,
				AD9226DE223A286E00A5B7D6 /* Int+Format.swift in Sources */,
				AD9226DC223A137600A5B7D6 /* CurveDrawingStyle.swift in Sources */,
				AD9226D2223A122B00A5B7D6 /* DrawingStyleProtocol.swift in Sources */,
			);
			runOnlyForDeploymentPostprocessing = 0;
		};
/* End PBXSourcesBuildPhase section */

/* Begin PBXVariantGroup section */
		ADE577062236E8920006200D /* LaunchScreen.storyboard */ = {
			isa = PBXVariantGroup;
			children = (
				ADE577072236E8920006200D /* Base */,
			);
			name = LaunchScreen.storyboard;
			sourceTree = "<group>";
		};
		ADE577082236E8920006200D /* Main.storyboard */ = {
			isa = PBXVariantGroup;
			children = (
				ADE577092236E8920006200D /* Base */,
			);
			name = Main.storyboard;
			sourceTree = "<group>";
		};
/* End PBXVariantGroup section */

/* Begin XCBuildConfiguration section */
		ADE576FC2236E59E0006200D /* Debug */ = {
			isa = XCBuildConfiguration;
			buildSettings = {
				ALWAYS_SEARCH_USER_PATHS = NO;
				CLANG_ANALYZER_NONNULL = YES;
				CLANG_ANALYZER_NUMBER_OBJECT_CONVERSION = YES_AGGRESSIVE;
				CLANG_CXX_LANGUAGE_STANDARD = "gnu++14";
				CLANG_CXX_LIBRARY = "libc++";
				CLANG_ENABLE_MODULES = YES;
				CLANG_ENABLE_OBJC_ARC = YES;
				CLANG_ENABLE_OBJC_WEAK = YES;
				CLANG_WARN_BLOCK_CAPTURE_AUTORELEASING = YES;
				CLANG_WARN_BOOL_CONVERSION = YES;
				CLANG_WARN_COMMA = YES;
				CLANG_WARN_CONSTANT_CONVERSION = YES;
				CLANG_WARN_DEPRECATED_OBJC_IMPLEMENTATIONS = YES;
				CLANG_WARN_DIRECT_OBJC_ISA_USAGE = YES_ERROR;
				CLANG_WARN_DOCUMENTATION_COMMENTS = YES;
				CLANG_WARN_EMPTY_BODY = YES;
				CLANG_WARN_ENUM_CONVERSION = YES;
				CLANG_WARN_INFINITE_RECURSION = YES;
				CLANG_WARN_INT_CONVERSION = YES;
				CLANG_WARN_NON_LITERAL_NULL_CONVERSION = YES;
				CLANG_WARN_OBJC_IMPLICIT_RETAIN_SELF = YES;
				CLANG_WARN_OBJC_LITERAL_CONVERSION = YES;
				CLANG_WARN_OBJC_ROOT_CLASS = YES_ERROR;
				CLANG_WARN_RANGE_LOOP_ANALYSIS = YES;
				CLANG_WARN_STRICT_PROTOTYPES = YES;
				CLANG_WARN_SUSPICIOUS_MOVE = YES;
				CLANG_WARN_UNGUARDED_AVAILABILITY = YES_AGGRESSIVE;
				CLANG_WARN_UNREACHABLE_CODE = YES;
				CLANG_WARN__DUPLICATE_METHOD_MATCH = YES;
				CODE_SIGN_IDENTITY = "iPhone Developer";
				COPY_PHASE_STRIP = NO;
				DEBUG_INFORMATION_FORMAT = dwarf;
				ENABLE_STRICT_OBJC_MSGSEND = YES;
				ENABLE_TESTABILITY = YES;
				GCC_C_LANGUAGE_STANDARD = gnu11;
				GCC_DYNAMIC_NO_PIC = NO;
				GCC_NO_COMMON_BLOCKS = YES;
				GCC_OPTIMIZATION_LEVEL = 0;
				GCC_PREPROCESSOR_DEFINITIONS = (
					"DEBUG=1",
					"$(inherited)",
				);
				GCC_WARN_64_TO_32_BIT_CONVERSION = YES;
				GCC_WARN_ABOUT_RETURN_TYPE = YES_ERROR;
				GCC_WARN_UNDECLARED_SELECTOR = YES;
				GCC_WARN_UNINITIALIZED_AUTOS = YES_AGGRESSIVE;
				GCC_WARN_UNUSED_FUNCTION = YES;
				GCC_WARN_UNUSED_VARIABLE = YES;
				IPHONEOS_DEPLOYMENT_TARGET = 12.1;
				MTL_ENABLE_DEBUG_INFO = INCLUDE_SOURCE;
				MTL_FAST_MATH = YES;
				ONLY_ACTIVE_ARCH = YES;
				SDKROOT = iphoneos;
				SWIFT_ACTIVE_COMPILATION_CONDITIONS = DEBUG;
				SWIFT_OPTIMIZATION_LEVEL = "-Onone";
			};
			name = Debug;
		};
		ADE576FD2236E59E0006200D /* Release */ = {
			isa = XCBuildConfiguration;
			buildSettings = {
				ALWAYS_SEARCH_USER_PATHS = NO;
				CLANG_ANALYZER_NONNULL = YES;
				CLANG_ANALYZER_NUMBER_OBJECT_CONVERSION = YES_AGGRESSIVE;
				CLANG_CXX_LANGUAGE_STANDARD = "gnu++14";
				CLANG_CXX_LIBRARY = "libc++";
				CLANG_ENABLE_MODULES = YES;
				CLANG_ENABLE_OBJC_ARC = YES;
				CLANG_ENABLE_OBJC_WEAK = YES;
				CLANG_WARN_BLOCK_CAPTURE_AUTORELEASING = YES;
				CLANG_WARN_BOOL_CONVERSION = YES;
				CLANG_WARN_COMMA = YES;
				CLANG_WARN_CONSTANT_CONVERSION = YES;
				CLANG_WARN_DEPRECATED_OBJC_IMPLEMENTATIONS = YES;
				CLANG_WARN_DIRECT_OBJC_ISA_USAGE = YES_ERROR;
				CLANG_WARN_DOCUMENTATION_COMMENTS = YES;
				CLANG_WARN_EMPTY_BODY = YES;
				CLANG_WARN_ENUM_CONVERSION = YES;
				CLANG_WARN_INFINITE_RECURSION = YES;
				CLANG_WARN_INT_CONVERSION = YES;
				CLANG_WARN_NON_LITERAL_NULL_CONVERSION = YES;
				CLANG_WARN_OBJC_IMPLICIT_RETAIN_SELF = YES;
				CLANG_WARN_OBJC_LITERAL_CONVERSION = YES;
				CLANG_WARN_OBJC_ROOT_CLASS = YES_ERROR;
				CLANG_WARN_RANGE_LOOP_ANALYSIS = YES;
				CLANG_WARN_STRICT_PROTOTYPES = YES;
				CLANG_WARN_SUSPICIOUS_MOVE = YES;
				CLANG_WARN_UNGUARDED_AVAILABILITY = YES_AGGRESSIVE;
				CLANG_WARN_UNREACHABLE_CODE = YES;
				CLANG_WARN__DUPLICATE_METHOD_MATCH = YES;
				CODE_SIGN_IDENTITY = "iPhone Developer";
				COPY_PHASE_STRIP = NO;
				DEBUG_INFORMATION_FORMAT = "dwarf-with-dsym";
				ENABLE_NS_ASSERTIONS = NO;
				ENABLE_STRICT_OBJC_MSGSEND = YES;
				GCC_C_LANGUAGE_STANDARD = gnu11;
				GCC_NO_COMMON_BLOCKS = YES;
				GCC_WARN_64_TO_32_BIT_CONVERSION = YES;
				GCC_WARN_ABOUT_RETURN_TYPE = YES_ERROR;
				GCC_WARN_UNDECLARED_SELECTOR = YES;
				GCC_WARN_UNINITIALIZED_AUTOS = YES_AGGRESSIVE;
				GCC_WARN_UNUSED_FUNCTION = YES;
				GCC_WARN_UNUSED_VARIABLE = YES;
				IPHONEOS_DEPLOYMENT_TARGET = 12.1;
				MTL_ENABLE_DEBUG_INFO = NO;
				MTL_FAST_MATH = YES;
				SDKROOT = iphoneos;
				SWIFT_COMPILATION_MODE = wholemodule;
				SWIFT_OPTIMIZATION_LEVEL = "-O";
				VALIDATE_PRODUCT = YES;
			};
			name = Release;
		};
		ADE576FF2236E59E0006200D /* Debug */ = {
			isa = XCBuildConfiguration;
			buildSettings = {
				ASSETCATALOG_COMPILER_APPICON_NAME = AppIcon;
				CODE_SIGN_STYLE = Automatic;
				DEVELOPMENT_TEAM = G9N53683T3;
				INFOPLIST_FILE = TelegramCharts/Resources/Info.plist;
				LD_RUNPATH_SEARCH_PATHS = (
					"$(inherited)",
					"@executable_path/Frameworks",
				);
				PRODUCT_BUNDLE_IDENTIFIER = com.zsergey.TelegramCharts;
				PRODUCT_NAME = "$(TARGET_NAME)";
				SWIFT_VERSION = 4.2;
				TARGETED_DEVICE_FAMILY = "1,2";
			};
			name = Debug;
		};
		ADE577002236E59E0006200D /* Release */ = {
			isa = XCBuildConfiguration;
			buildSettings = {
				ASSETCATALOG_COMPILER_APPICON_NAME = AppIcon;
				CODE_SIGN_STYLE = Automatic;
				DEVELOPMENT_TEAM = G9N53683T3;
				INFOPLIST_FILE = TelegramCharts/Resources/Info.plist;
				LD_RUNPATH_SEARCH_PATHS = (
					"$(inherited)",
					"@executable_path/Frameworks",
				);
				PRODUCT_BUNDLE_IDENTIFIER = com.zsergey.TelegramCharts;
				PRODUCT_NAME = "$(TARGET_NAME)";
				SWIFT_VERSION = 4.2;
				TARGETED_DEVICE_FAMILY = "1,2";
			};
			name = Release;
		};
/* End XCBuildConfiguration section */

/* Begin XCConfigurationList section */
		ADE576E72236E59B0006200D /* Build configuration list for PBXProject "TelegramCharts" */ = {
			isa = XCConfigurationList;
			buildConfigurations = (
				ADE576FC2236E59E0006200D /* Debug */,
				ADE576FD2236E59E0006200D /* Release */,
			);
			defaultConfigurationIsVisible = 0;
			defaultConfigurationName = Release;
		};
		ADE576FE2236E59E0006200D /* Build configuration list for PBXNativeTarget "TelegramCharts" */ = {
			isa = XCConfigurationList;
			buildConfigurations = (
				ADE576FF2236E59E0006200D /* Debug */,
				ADE577002236E59E0006200D /* Release */,
			);
			defaultConfigurationIsVisible = 0;
			defaultConfigurationName = Release;
		};
/* End XCConfigurationList section */
	};
	rootObject = ADE576E42236E59B0006200D /* Project object */;
}
