// !$*UTF8*$!
{
	archiveVersion = 1;
	classes = {
	};
	objectVersion = 50;
	objects = {

/* Begin PBXBuildFile section */
		AD107AD5225B58E100D84D3F /* chart_data.json in Resources */ = {isa = PBXBuildFile; fileRef = AD107AC8225B58E100D84D3F /* chart_data.json */; };
		AD107AD6225B58E100D84D3F /* chart_data_max.json in Resources */ = {isa = PBXBuildFile; fileRef = AD107AC9225B58E100D84D3F /* chart_data_max.json */; };
		AD107AD7225B58E100D84D3F /* overview1.json in Resources */ = {isa = PBXBuildFile; fileRef = AD107ACC225B58E100D84D3F /* overview1.json */; };
		AD107AD8225B58E100D84D3F /* overview4.json in Resources */ = {isa = PBXBuildFile; fileRef = AD107ACE225B58E100D84D3F /* overview4.json */; };
		AD107AD9225B58E100D84D3F /* overview3.json in Resources */ = {isa = PBXBuildFile; fileRef = AD107AD0225B58E100D84D3F /* overview3.json */; };
		AD107ADA225B58E100D84D3F /* overview2.json in Resources */ = {isa = PBXBuildFile; fileRef = AD107AD2225B58E100D84D3F /* overview2.json */; };
		AD107ADB225B58E100D84D3F /* overview5.json in Resources */ = {isa = PBXBuildFile; fileRef = AD107AD4225B58E100D84D3F /* overview5.json */; };
		AD107ADD225C6B4900D84D3F /* StackedDrawingStyle.swift in Sources */ = {isa = PBXBuildFile; fileRef = AD107ADC225C6B4900D84D3F /* StackedDrawingStyle.swift */; };
		AD107ADF225D168800D84D3F /* PercentageDrawingStyle.swift in Sources */ = {isa = PBXBuildFile; fileRef = AD107ADE225D168800D84D3F /* PercentageDrawingStyle.swift */; };
		AD17FF312244978F0073F0BB /* ChartDisplayCollection.swift in Sources */ = {isa = PBXBuildFile; fileRef = AD17FF302244978F0073F0BB /* ChartDisplayCollection.swift */; };
		AD17FF3722449EBF0073F0BB /* ChartModelFactory.swift in Sources */ = {isa = PBXBuildFile; fileRef = AD17FF3622449EBF0073F0BB /* ChartModelFactory.swift */; };
		AD17FF392244A1250073F0BB /* Reusable.swift in Sources */ = {isa = PBXBuildFile; fileRef = AD17FF382244A1250073F0BB /* Reusable.swift */; };
		AD17FF3B2244A9CC0073F0BB /* Updatable.swift in Sources */ = {isa = PBXBuildFile; fileRef = AD17FF3A2244A9CC0073F0BB /* Updatable.swift */; };
		AD17FF3D224613DD0073F0BB /* TapticFeedback.swift in Sources */ = {isa = PBXBuildFile; fileRef = AD17FF3C224613DD0073F0BB /* TapticFeedback.swift */; };
		AD17FF3F224619950073F0BB /* ChartDataSourceFactory.swift in Sources */ = {isa = PBXBuildFile; fileRef = AD17FF3E224619950073F0BB /* ChartDataSourceFactory.swift */; };
		AD17FF41224646FA0073F0BB /* ChartDataSource.swift in Sources */ = {isa = PBXBuildFile; fileRef = AD17FF40224646FA0073F0BB /* ChartDataSource.swift */; };
		AD1C5D16225B1C6700F9A083 /* CheckButton.swift in Sources */ = {isa = PBXBuildFile; fileRef = AD1C5D15225B1C6700F9A083 /* CheckButton.swift */; };
		AD2AD4732246E3BE00B16492 /* UIViewExtensions.swift in Sources */ = {isa = PBXBuildFile; fileRef = AD2AD4722246E3BE00B16492 /* UIViewExtensions.swift */; };
		AD2AD4762247B15600B16492 /* TextLayer.swift in Sources */ = {isa = PBXBuildFile; fileRef = AD2AD4752247B15600B16492 /* TextLayer.swift */; };
		AD2AD4782248207300B16492 /* Painter.swift in Sources */ = {isa = PBXBuildFile; fileRef = AD2AD4772248207300B16492 /* Painter.swift */; };
		AD2AD47A22483D2800B16492 /* README.md in Resources */ = {isa = PBXBuildFile; fileRef = AD2AD47922483D2800B16492 /* README.md */; };
		AD68E210223D255700576C20 /* SliderView.swift in Sources */ = {isa = PBXBuildFile; fileRef = AD68E20F223D255700576C20 /* SliderView.swift */; };
		AD71D8EB2261E3FB00701EC0 /* overview5_5.json in Resources */ = {isa = PBXBuildFile; fileRef = AD71D8EA2261E3FB00701EC0 /* overview5_5.json */; };
		AD71D8EF22627BA500701EC0 /* UIImageExtensions.swift in Sources */ = {isa = PBXBuildFile; fileRef = AD71D8EE22627BA500701EC0 /* UIImageExtensions.swift */; };
		AD9226CB2238BEEF00A5B7D6 /* ChartContentView.swift in Sources */ = {isa = PBXBuildFile; fileRef = AD9226C82238BEEF00A5B7D6 /* ChartContentView.swift */; };
		AD9226CC2238BEEF00A5B7D6 /* DotLayer.swift in Sources */ = {isa = PBXBuildFile; fileRef = AD9226C92238BEEF00A5B7D6 /* DotLayer.swift */; };
		AD9226CE2238C76E00A5B7D6 /* ColorSchemeProtocol.swift in Sources */ = {isa = PBXBuildFile; fileRef = AD9226CD2238C76E00A5B7D6 /* ColorSchemeProtocol.swift */; };
		AD9226D02238CBA800A5B7D6 /* ChartModel.swift in Sources */ = {isa = PBXBuildFile; fileRef = AD9226CF2238CBA800A5B7D6 /* ChartModel.swift */; };
		AD9226D2223A122B00A5B7D6 /* DrawingStyleProtocol.swift in Sources */ = {isa = PBXBuildFile; fileRef = AD9226D1223A122B00A5B7D6 /* DrawingStyleProtocol.swift */; };
		AD9226D5223A12A900A5B7D6 /* DayScheme.swift in Sources */ = {isa = PBXBuildFile; fileRef = AD9226D4223A12A900A5B7D6 /* DayScheme.swift */; };
		AD9226D7223A12B800A5B7D6 /* NightScheme.swift in Sources */ = {isa = PBXBuildFile; fileRef = AD9226D6223A12B800A5B7D6 /* NightScheme.swift */; };
		AD9226DA223A135D00A5B7D6 /* StandardDrawingStyle.swift in Sources */ = {isa = PBXBuildFile; fileRef = AD9226D9223A135D00A5B7D6 /* StandardDrawingStyle.swift */; };
		AD9226DE223A286E00A5B7D6 /* IntExtensions.swift in Sources */ = {isa = PBXBuildFile; fileRef = AD9226DD223A286E00A5B7D6 /* IntExtensions.swift */; };
		AD94517C223D90EF00E8CD9D /* CGFloatExtensions.swift in Sources */ = {isa = PBXBuildFile; fileRef = AD94517B223D90EF00E8CD9D /* CGFloatExtensions.swift */; };
		ADB3E9E422441BE9007CC2F2 /* ChartTableViewCell.swift in Sources */ = {isa = PBXBuildFile; fileRef = ADB3E9E222441BE9007CC2F2 /* ChartTableViewCell.swift */; };
		ADB3E9E522441BE9007CC2F2 /* ChartTableViewCell.xib in Resources */ = {isa = PBXBuildFile; fileRef = ADB3E9E322441BE9007CC2F2 /* ChartTableViewCell.xib */; };
		ADB3E9F222441D56007CC2F2 /* CellViewModel.swift in Sources */ = {isa = PBXBuildFile; fileRef = ADB3E9F122441D56007CC2F2 /* CellViewModel.swift */; };
		ADB3E9F422441D6D007CC2F2 /* DisplayCollection.swift in Sources */ = {isa = PBXBuildFile; fileRef = ADB3E9F322441D6D007CC2F2 /* DisplayCollection.swift */; };
		ADB3E9F622441D85007CC2F2 /* ReusableCell.swift in Sources */ = {isa = PBXBuildFile; fileRef = ADB3E9F522441D85007CC2F2 /* ReusableCell.swift */; };
		ADB3E9F822441E2A007CC2F2 /* UITableViewCellExtenions.swift in Sources */ = {isa = PBXBuildFile; fileRef = ADB3E9F722441E2A007CC2F2 /* UITableViewCellExtenions.swift */; };
		ADB3E9FA22441E4A007CC2F2 /* UITableViewExtenions.swift in Sources */ = {isa = PBXBuildFile; fileRef = ADB3E9F922441E4A007CC2F2 /* UITableViewExtenions.swift */; };
		ADB3E9FC22441F4F007CC2F2 /* ChartTableViewCellModel.swift in Sources */ = {isa = PBXBuildFile; fileRef = ADB3E9FB22441F4F007CC2F2 /* ChartTableViewCellModel.swift */; };
		ADC5E884225F582F0062A4AE /* CurveDrawingStyle.swift in Sources */ = {isa = PBXBuildFile; fileRef = AD9226DB223A137600A5B7D6 /* CurveDrawingStyle.swift */; };
		ADC5E88C225F85B60062A4AE /* chart_data_3.json in Resources */ = {isa = PBXBuildFile; fileRef = ADC5E887225F85B50062A4AE /* chart_data_3.json */; };
		ADC5E88D225F85B60062A4AE /* chart_data_2.json in Resources */ = {isa = PBXBuildFile; fileRef = ADC5E888225F85B60062A4AE /* chart_data_2.json */; };
		ADC5E88E225F85B60062A4AE /* chart_data_5.json in Resources */ = {isa = PBXBuildFile; fileRef = ADC5E889225F85B60062A4AE /* chart_data_5.json */; };
		ADC5E88F225F85B60062A4AE /* chart_data_1.json in Resources */ = {isa = PBXBuildFile; fileRef = ADC5E88A225F85B60062A4AE /* chart_data_1.json */; };
		ADC5E890225F85B60062A4AE /* chart_data_4.json in Resources */ = {isa = PBXBuildFile; fileRef = ADC5E88B225F85B60062A4AE /* chart_data_4.json */; };
		ADC5E892225FB7F20062A4AE /* BacKButton.swift in Sources */ = {isa = PBXBuildFile; fileRef = ADC5E891225FB7F20062A4AE /* BacKButton.swift */; };
		ADC861C4225E10E900E697C8 /* Math.swift in Sources */ = {isa = PBXBuildFile; fileRef = ADC861C3225E10E900E697C8 /* Math.swift */; };
		ADC8D1ED22608B440087EDB3 /* CalcOperation.swift in Sources */ = {isa = PBXBuildFile; fileRef = ADC8D1EC22608B440087EDB3 /* CalcOperation.swift */; };
		ADC8D1F12260AD9B0087EDB3 /* LabelsProcessor.swift in Sources */ = {isa = PBXBuildFile; fileRef = ADC8D1F02260AD9B0087EDB3 /* LabelsProcessor.swift */; };
		ADC8D1F9226130400087EDB3 /* overview3_3.json in Resources */ = {isa = PBXBuildFile; fileRef = ADC8D1F8226130400087EDB3 /* overview3_3.json */; };
		ADCD101F22441697006A9856 /* NavigationViewController.swift in Sources */ = {isa = PBXBuildFile; fileRef = ADCD101E22441697006A9856 /* NavigationViewController.swift */; };
		ADDBBDC5224010010090E2AD /* ValueLayer.swift in Sources */ = {isa = PBXBuildFile; fileRef = ADDBBDC4224010010090E2AD /* ValueLayer.swift */; };
		ADDBBDC7224023F00090E2AD /* CALayer+Animations.swift in Sources */ = {isa = PBXBuildFile; fileRef = ADDBBDC6224023F00090E2AD /* CALayer+Animations.swift */; };
		ADDBBDC92241F2210090E2AD /* Date+Formatter.swift in Sources */ = {isa = PBXBuildFile; fileRef = ADDBBDC82241F2210090E2AD /* Date+Formatter.swift */; };
		ADE5770F2236E8920006200D /* Assets.xcassets in Resources */ = {isa = PBXBuildFile; fileRef = ADE577052236E8920006200D /* Assets.xcassets */; };
		ADE577102236E8920006200D /* LaunchScreen.storyboard in Resources */ = {isa = PBXBuildFile; fileRef = ADE577062236E8920006200D /* LaunchScreen.storyboard */; };
		ADE577112236E8920006200D /* Main.storyboard in Resources */ = {isa = PBXBuildFile; fileRef = ADE577082236E8920006200D /* Main.storyboard */; };
		ADE577132236E8920006200D /* ChartViewController.swift in Sources */ = {isa = PBXBuildFile; fileRef = ADE5770C2236E8920006200D /* ChartViewController.swift */; };
		ADE577142236E8920006200D /* AppDelegate.swift in Sources */ = {isa = PBXBuildFile; fileRef = ADE5770D2236E8920006200D /* AppDelegate.swift */; };
		ADE577212236EDB20006200D /* DataChartModelFactory.swift in Sources */ = {isa = PBXBuildFile; fileRef = ADE577202236EDB20006200D /* DataChartModelFactory.swift */; };
		ADE577252236FE620006200D /* UIColorExtensions.swift in Sources */ = {isa = PBXBuildFile; fileRef = ADE577242236FE620006200D /* UIColorExtensions.swift */; };
		ADE57727223702C50006200D /* DataChartModel.swift in Sources */ = {isa = PBXBuildFile; fileRef = ADE57726223702C50006200D /* DataChartModel.swift */; };
		ADFF33B32245272F0019A4D4 /* SectionTableViewCellModel.swift in Sources */ = {isa = PBXBuildFile; fileRef = ADFF33B22245272F0019A4D4 /* SectionTableViewCellModel.swift */; };
		ADFF33B8224527620019A4D4 /* SectionTableViewCell.swift in Sources */ = {isa = PBXBuildFile; fileRef = ADFF33B6224527620019A4D4 /* SectionTableViewCell.swift */; };
		ADFF33B9224527620019A4D4 /* SectionTableViewCell.xib in Resources */ = {isa = PBXBuildFile; fileRef = ADFF33B7224527620019A4D4 /* SectionTableViewCell.xib */; };
/* End PBXBuildFile section */

/* Begin PBXFileReference section */
		AD107AC8225B58E100D84D3F /* chart_data.json */ = {isa = PBXFileReference; fileEncoding = 4; lastKnownFileType = text.json; path = chart_data.json; sourceTree = "<group>"; };
		AD107AC9225B58E100D84D3F /* chart_data_max.json */ = {isa = PBXFileReference; fileEncoding = 4; lastKnownFileType = text.json; path = chart_data_max.json; sourceTree = "<group>"; };
		AD107ACC225B58E100D84D3F /* overview1.json */ = {isa = PBXFileReference; fileEncoding = 4; lastKnownFileType = text.json; path = overview1.json; sourceTree = "<group>"; };
		AD107ACE225B58E100D84D3F /* overview4.json */ = {isa = PBXFileReference; fileEncoding = 4; lastKnownFileType = text.json; path = overview4.json; sourceTree = "<group>"; };
		AD107AD0225B58E100D84D3F /* overview3.json */ = {isa = PBXFileReference; fileEncoding = 4; lastKnownFileType = text.json; path = overview3.json; sourceTree = "<group>"; };
		AD107AD2225B58E100D84D3F /* overview2.json */ = {isa = PBXFileReference; fileEncoding = 4; lastKnownFileType = text.json; path = overview2.json; sourceTree = "<group>"; };
		AD107AD4225B58E100D84D3F /* overview5.json */ = {isa = PBXFileReference; fileEncoding = 4; lastKnownFileType = text.json; path = overview5.json; sourceTree = "<group>"; };
		AD107ADC225C6B4900D84D3F /* StackedDrawingStyle.swift */ = {isa = PBXFileReference; lastKnownFileType = sourcecode.swift; path = StackedDrawingStyle.swift; sourceTree = "<group>"; };
		AD107ADE225D168800D84D3F /* PercentageDrawingStyle.swift */ = {isa = PBXFileReference; lastKnownFileType = sourcecode.swift; path = PercentageDrawingStyle.swift; sourceTree = "<group>"; };
		AD17FF302244978F0073F0BB /* ChartDisplayCollection.swift */ = {isa = PBXFileReference; lastKnownFileType = sourcecode.swift; path = ChartDisplayCollection.swift; sourceTree = "<group>"; };
		AD17FF3622449EBF0073F0BB /* ChartModelFactory.swift */ = {isa = PBXFileReference; lastKnownFileType = sourcecode.swift; path = ChartModelFactory.swift; sourceTree = "<group>"; };
		AD17FF382244A1250073F0BB /* Reusable.swift */ = {isa = PBXFileReference; lastKnownFileType = sourcecode.swift; path = Reusable.swift; sourceTree = "<group>"; };
		AD17FF3A2244A9CC0073F0BB /* Updatable.swift */ = {isa = PBXFileReference; lastKnownFileType = sourcecode.swift; path = Updatable.swift; sourceTree = "<group>"; };
		AD17FF3C224613DD0073F0BB /* TapticFeedback.swift */ = {isa = PBXFileReference; lastKnownFileType = sourcecode.swift; path = TapticFeedback.swift; sourceTree = "<group>"; };
		AD17FF3E224619950073F0BB /* ChartDataSourceFactory.swift */ = {isa = PBXFileReference; lastKnownFileType = sourcecode.swift; path = ChartDataSourceFactory.swift; sourceTree = "<group>"; };
		AD17FF40224646FA0073F0BB /* ChartDataSource.swift */ = {isa = PBXFileReference; lastKnownFileType = sourcecode.swift; path = ChartDataSource.swift; sourceTree = "<group>"; };
		AD1C5D15225B1C6700F9A083 /* CheckButton.swift */ = {isa = PBXFileReference; fileEncoding = 4; lastKnownFileType = sourcecode.swift; path = CheckButton.swift; sourceTree = "<group>"; };
		AD2AD4722246E3BE00B16492 /* UIViewExtensions.swift */ = {isa = PBXFileReference; lastKnownFileType = sourcecode.swift; path = UIViewExtensions.swift; sourceTree = "<group>"; };
		AD2AD4752247B15600B16492 /* TextLayer.swift */ = {isa = PBXFileReference; lastKnownFileType = sourcecode.swift; path = TextLayer.swift; sourceTree = "<group>"; };
		AD2AD4772248207300B16492 /* Painter.swift */ = {isa = PBXFileReference; lastKnownFileType = sourcecode.swift; path = Painter.swift; sourceTree = "<group>"; };
		AD2AD47922483D2800B16492 /* README.md */ = {isa = PBXFileReference; fileEncoding = 4; lastKnownFileType = net.daringfireball.markdown; path = README.md; sourceTree = SOURCE_ROOT; };
		AD68E20F223D255700576C20 /* SliderView.swift */ = {isa = PBXFileReference; lastKnownFileType = sourcecode.swift; path = SliderView.swift; sourceTree = "<group>"; };
		AD71D8EA2261E3FB00701EC0 /* overview5_5.json */ = {isa = PBXFileReference; fileEncoding = 4; lastKnownFileType = text.json; path = overview5_5.json; sourceTree = "<group>"; };
		AD71D8EE22627BA500701EC0 /* UIImageExtensions.swift */ = {isa = PBXFileReference; lastKnownFileType = sourcecode.swift; path = UIImageExtensions.swift; sourceTree = "<group>"; };
		AD9226C82238BEEF00A5B7D6 /* ChartContentView.swift */ = {isa = PBXFileReference; fileEncoding = 4; lastKnownFileType = sourcecode.swift; path = ChartContentView.swift; sourceTree = "<group>"; };
		AD9226C92238BEEF00A5B7D6 /* DotLayer.swift */ = {isa = PBXFileReference; fileEncoding = 4; lastKnownFileType = sourcecode.swift; path = DotLayer.swift; sourceTree = "<group>"; };
		AD9226CD2238C76E00A5B7D6 /* ColorSchemeProtocol.swift */ = {isa = PBXFileReference; lastKnownFileType = sourcecode.swift; path = ColorSchemeProtocol.swift; sourceTree = "<group>"; };
		AD9226CF2238CBA800A5B7D6 /* ChartModel.swift */ = {isa = PBXFileReference; lastKnownFileType = sourcecode.swift; path = ChartModel.swift; sourceTree = "<group>"; };
		AD9226D1223A122B00A5B7D6 /* DrawingStyleProtocol.swift */ = {isa = PBXFileReference; lastKnownFileType = sourcecode.swift; path = DrawingStyleProtocol.swift; sourceTree = "<group>"; };
		AD9226D4223A12A900A5B7D6 /* DayScheme.swift */ = {isa = PBXFileReference; lastKnownFileType = sourcecode.swift; path = DayScheme.swift; sourceTree = "<group>"; };
		AD9226D6223A12B800A5B7D6 /* NightScheme.swift */ = {isa = PBXFileReference; lastKnownFileType = sourcecode.swift; path = NightScheme.swift; sourceTree = "<group>"; };
		AD9226D9223A135D00A5B7D6 /* StandardDrawingStyle.swift */ = {isa = PBXFileReference; lastKnownFileType = sourcecode.swift; path = StandardDrawingStyle.swift; sourceTree = "<group>"; };
		AD9226DB223A137600A5B7D6 /* CurveDrawingStyle.swift */ = {isa = PBXFileReference; lastKnownFileType = sourcecode.swift; path = CurveDrawingStyle.swift; sourceTree = "<group>"; };
		AD9226DD223A286E00A5B7D6 /* IntExtensions.swift */ = {isa = PBXFileReference; lastKnownFileType = sourcecode.swift; path = IntExtensions.swift; sourceTree = "<group>"; };
		AD94517B223D90EF00E8CD9D /* CGFloatExtensions.swift */ = {isa = PBXFileReference; lastKnownFileType = sourcecode.swift; path = CGFloatExtensions.swift; sourceTree = "<group>"; };
		ADB3E9E222441BE9007CC2F2 /* ChartTableViewCell.swift */ = {isa = PBXFileReference; lastKnownFileType = sourcecode.swift; path = ChartTableViewCell.swift; sourceTree = "<group>"; };
		ADB3E9E322441BE9007CC2F2 /* ChartTableViewCell.xib */ = {isa = PBXFileReference; lastKnownFileType = file.xib; path = ChartTableViewCell.xib; sourceTree = "<group>"; };
		ADB3E9F122441D56007CC2F2 /* CellViewModel.swift */ = {isa = PBXFileReference; lastKnownFileType = sourcecode.swift; path = CellViewModel.swift; sourceTree = "<group>"; };
		ADB3E9F322441D6D007CC2F2 /* DisplayCollection.swift */ = {isa = PBXFileReference; lastKnownFileType = sourcecode.swift; path = DisplayCollection.swift; sourceTree = "<group>"; };
		ADB3E9F522441D85007CC2F2 /* ReusableCell.swift */ = {isa = PBXFileReference; lastKnownFileType = sourcecode.swift; path = ReusableCell.swift; sourceTree = "<group>"; };
		ADB3E9F722441E2A007CC2F2 /* UITableViewCellExtenions.swift */ = {isa = PBXFileReference; lastKnownFileType = sourcecode.swift; path = UITableViewCellExtenions.swift; sourceTree = "<group>"; };
		ADB3E9F922441E4A007CC2F2 /* UITableViewExtenions.swift */ = {isa = PBXFileReference; lastKnownFileType = sourcecode.swift; path = UITableViewExtenions.swift; sourceTree = "<group>"; };
		ADB3E9FB22441F4F007CC2F2 /* ChartTableViewCellModel.swift */ = {isa = PBXFileReference; lastKnownFileType = sourcecode.swift; path = ChartTableViewCellModel.swift; sourceTree = "<group>"; };
		ADC5E887225F85B50062A4AE /* chart_data_3.json */ = {isa = PBXFileReference; fileEncoding = 4; lastKnownFileType = text.json; path = chart_data_3.json; sourceTree = "<group>"; };
		ADC5E888225F85B60062A4AE /* chart_data_2.json */ = {isa = PBXFileReference; fileEncoding = 4; lastKnownFileType = text.json; path = chart_data_2.json; sourceTree = "<group>"; };
		ADC5E889225F85B60062A4AE /* chart_data_5.json */ = {isa = PBXFileReference; fileEncoding = 4; lastKnownFileType = text.json; path = chart_data_5.json; sourceTree = "<group>"; };
		ADC5E88A225F85B60062A4AE /* chart_data_1.json */ = {isa = PBXFileReference; fileEncoding = 4; lastKnownFileType = text.json; path = chart_data_1.json; sourceTree = "<group>"; };
		ADC5E88B225F85B60062A4AE /* chart_data_4.json */ = {isa = PBXFileReference; fileEncoding = 4; lastKnownFileType = text.json; path = chart_data_4.json; sourceTree = "<group>"; };
		ADC5E891225FB7F20062A4AE /* BacKButton.swift */ = {isa = PBXFileReference; lastKnownFileType = sourcecode.swift; path = BacKButton.swift; sourceTree = "<group>"; };
		ADC861C3225E10E900E697C8 /* Math.swift */ = {isa = PBXFileReference; lastKnownFileType = sourcecode.swift; path = Math.swift; sourceTree = "<group>"; };
		ADC8D1EC22608B440087EDB3 /* CalcOperation.swift */ = {isa = PBXFileReference; lastKnownFileType = sourcecode.swift; path = CalcOperation.swift; sourceTree = "<group>"; };
		ADC8D1F02260AD9B0087EDB3 /* LabelsProcessor.swift */ = {isa = PBXFileReference; lastKnownFileType = sourcecode.swift; path = LabelsProcessor.swift; sourceTree = "<group>"; };
		ADC8D1F8226130400087EDB3 /* overview3_3.json */ = {isa = PBXFileReference; fileEncoding = 4; lastKnownFileType = text.json; path = overview3_3.json; sourceTree = "<group>"; };
		ADCD101E22441697006A9856 /* NavigationViewController.swift */ = {isa = PBXFileReference; lastKnownFileType = sourcecode.swift; path = NavigationViewController.swift; sourceTree = "<group>"; };
		ADDBBDC4224010010090E2AD /* ValueLayer.swift */ = {isa = PBXFileReference; lastKnownFileType = sourcecode.swift; path = ValueLayer.swift; sourceTree = "<group>"; };
		ADDBBDC6224023F00090E2AD /* CALayer+Animations.swift */ = {isa = PBXFileReference; lastKnownFileType = sourcecode.swift; path = "CALayer+Animations.swift"; sourceTree = "<group>"; };
		ADDBBDC82241F2210090E2AD /* Date+Formatter.swift */ = {isa = PBXFileReference; lastKnownFileType = sourcecode.swift; path = "Date+Formatter.swift"; sourceTree = "<group>"; };
		ADE576EC2236E59B0006200D /* TelegramCharts.app */ = {isa = PBXFileReference; explicitFileType = wrapper.application; includeInIndex = 0; path = TelegramCharts.app; sourceTree = BUILT_PRODUCTS_DIR; };
		ADE577052236E8920006200D /* Assets.xcassets */ = {isa = PBXFileReference; lastKnownFileType = folder.assetcatalog; path = Assets.xcassets; sourceTree = "<group>"; };
		ADE577072236E8920006200D /* Base */ = {isa = PBXFileReference; lastKnownFileType = file.storyboard; name = Base; path = Base.lproj/LaunchScreen.storyboard; sourceTree = "<group>"; };
		ADE577092236E8920006200D /* Base */ = {isa = PBXFileReference; lastKnownFileType = file.storyboard; name = Base; path = Base.lproj/Main.storyboard; sourceTree = "<group>"; };
		ADE5770A2236E8920006200D /* Info.plist */ = {isa = PBXFileReference; fileEncoding = 4; lastKnownFileType = text.plist.xml; path = Info.plist; sourceTree = "<group>"; };
		ADE5770C2236E8920006200D /* ChartViewController.swift */ = {isa = PBXFileReference; fileEncoding = 4; lastKnownFileType = sourcecode.swift; path = ChartViewController.swift; sourceTree = "<group>"; };
		ADE5770D2236E8920006200D /* AppDelegate.swift */ = {isa = PBXFileReference; fileEncoding = 4; lastKnownFileType = sourcecode.swift; path = AppDelegate.swift; sourceTree = "<group>"; };
		ADE577202236EDB20006200D /* DataChartModelFactory.swift */ = {isa = PBXFileReference; lastKnownFileType = sourcecode.swift; path = DataChartModelFactory.swift; sourceTree = "<group>"; };
		ADE577242236FE620006200D /* UIColorExtensions.swift */ = {isa = PBXFileReference; lastKnownFileType = sourcecode.swift; path = UIColorExtensions.swift; sourceTree = "<group>"; };
		ADE57726223702C50006200D /* DataChartModel.swift */ = {isa = PBXFileReference; fileEncoding = 4; lastKnownFileType = sourcecode.swift; path = DataChartModel.swift; sourceTree = "<group>"; };
		ADFF33B22245272F0019A4D4 /* SectionTableViewCellModel.swift */ = {isa = PBXFileReference; lastKnownFileType = sourcecode.swift; path = SectionTableViewCellModel.swift; sourceTree = "<group>"; };
		ADFF33B6224527620019A4D4 /* SectionTableViewCell.swift */ = {isa = PBXFileReference; lastKnownFileType = sourcecode.swift; path = SectionTableViewCell.swift; sourceTree = "<group>"; };
		ADFF33B7224527620019A4D4 /* SectionTableViewCell.xib */ = {isa = PBXFileReference; lastKnownFileType = file.xib; path = SectionTableViewCell.xib; sourceTree = "<group>"; };
/* End PBXFileReference section */

/* Begin PBXFrameworksBuildPhase section */
		ADE576E92236E59B0006200D /* Frameworks */ = {
			isa = PBXFrameworksBuildPhase;
			buildActionMask = 2147483647;
			files = (
			);
			runOnlyForDeploymentPostprocessing = 0;
		};
/* End PBXFrameworksBuildPhase section */

/* Begin PBXGroup section */
		AD107AC7225B58E100D84D3F /* Round1 */ = {
			isa = PBXGroup;
			children = (
				ADC5E88A225F85B60062A4AE /* chart_data_1.json */,
				ADC5E888225F85B60062A4AE /* chart_data_2.json */,
				ADC5E887225F85B50062A4AE /* chart_data_3.json */,
				ADC5E88B225F85B60062A4AE /* chart_data_4.json */,
				ADC5E889225F85B60062A4AE /* chart_data_5.json */,
				AD107AC8225B58E100D84D3F /* chart_data.json */,
				AD107AC9225B58E100D84D3F /* chart_data_max.json */,
			);
			path = Round1;
			sourceTree = "<group>";
		};
		AD107ACA225B58E100D84D3F /* Round2 */ = {
			isa = PBXGroup;
			children = (
				AD107ACB225B58E100D84D3F /* 1 */,
				AD107ACD225B58E100D84D3F /* 4 */,
				AD107ACF225B58E100D84D3F /* 3 */,
				AD107AD1225B58E100D84D3F /* 2 */,
				AD107AD3225B58E100D84D3F /* 5 */,
			);
			path = Round2;
			sourceTree = "<group>";
		};
		AD107ACB225B58E100D84D3F /* 1 */ = {
			isa = PBXGroup;
			children = (
				AD107ACC225B58E100D84D3F /* overview1.json */,
			);
			path = 1;
			sourceTree = "<group>";
		};
		AD107ACD225B58E100D84D3F /* 4 */ = {
			isa = PBXGroup;
			children = (
				AD107ACE225B58E100D84D3F /* overview4.json */,
			);
			path = 4;
			sourceTree = "<group>";
		};
		AD107ACF225B58E100D84D3F /* 3 */ = {
			isa = PBXGroup;
			children = (
				ADC8D1F8226130400087EDB3 /* overview3_3.json */,
				AD107AD0225B58E100D84D3F /* overview3.json */,
			);
			path = 3;
			sourceTree = "<group>";
		};
		AD107AD1225B58E100D84D3F /* 2 */ = {
			isa = PBXGroup;
			children = (
				AD107AD2225B58E100D84D3F /* overview2.json */,
			);
			path = 2;
			sourceTree = "<group>";
		};
		AD107AD3225B58E100D84D3F /* 5 */ = {
			isa = PBXGroup;
			children = (
				AD71D8EA2261E3FB00701EC0 /* overview5_5.json */,
				AD107AD4225B58E100D84D3F /* overview5.json */,
			);
			path = 5;
			sourceTree = "<group>";
		};
		AD2AD4742247430500B16492 /* Services */ = {
			isa = PBXGroup;
			children = (
				ADC8D1EC22608B440087EDB3 /* CalcOperation.swift */,
				ADC8D1F02260AD9B0087EDB3 /* LabelsProcessor.swift */,
				AD17FF3C224613DD0073F0BB /* TapticFeedback.swift */,
				AD2AD4772248207300B16492 /* Painter.swift */,
				ADC861C3225E10E900E697C8 /* Math.swift */,
			);
			path = Services;
			sourceTree = "<group>";
		};
		AD9226C62238BEC100A5B7D6 /* ChartPresentation */ = {
			isa = PBXGroup;
			children = (
				AD9226C82238BEEF00A5B7D6 /* ChartContentView.swift */,
				AD68E20F223D255700576C20 /* SliderView.swift */,
				AD9226C92238BEEF00A5B7D6 /* DotLayer.swift */,
				ADDBBDC4224010010090E2AD /* ValueLayer.swift */,
				AD2AD4752247B15600B16492 /* TextLayer.swift */,
			);
			path = ChartPresentation;
			sourceTree = "<group>";
		};
		AD9226D3223A129600A5B7D6 /* ColorScheme */ = {
			isa = PBXGroup;
			children = (
				AD9226CD2238C76E00A5B7D6 /* ColorSchemeProtocol.swift */,
				AD9226D4223A12A900A5B7D6 /* DayScheme.swift */,
				AD9226D6223A12B800A5B7D6 /* NightScheme.swift */,
			);
			path = ColorScheme;
			sourceTree = "<group>";
		};
		AD9226D8223A12D300A5B7D6 /* DrawingStyle */ = {
			isa = PBXGroup;
			children = (
				AD9226D1223A122B00A5B7D6 /* DrawingStyleProtocol.swift */,
				AD9226D9223A135D00A5B7D6 /* StandardDrawingStyle.swift */,
				AD107ADC225C6B4900D84D3F /* StackedDrawingStyle.swift */,
				AD107ADE225D168800D84D3F /* PercentageDrawingStyle.swift */,
				AD9226DB223A137600A5B7D6 /* CurveDrawingStyle.swift */,
			);
			path = DrawingStyle;
			sourceTree = "<group>";
		};
		ADB3E9E022441BCB007CC2F2 /* Cells */ = {
			isa = PBXGroup;
			children = (
				AD1C5D15225B1C6700F9A083 /* CheckButton.swift */,
				ADC5E891225FB7F20062A4AE /* BacKButton.swift */,
				ADFF33B1224527160019A4D4 /* Section */,
				ADB3E9E122441BD6007CC2F2 /* Chart */,
			);
			path = Cells;
			sourceTree = "<group>";
		};
		ADB3E9E122441BD6007CC2F2 /* Chart */ = {
			isa = PBXGroup;
			children = (
				ADB3E9FB22441F4F007CC2F2 /* ChartTableViewCellModel.swift */,
				ADB3E9E222441BE9007CC2F2 /* ChartTableViewCell.swift */,
				ADB3E9E322441BE9007CC2F2 /* ChartTableViewCell.xib */,
			);
			path = Chart;
			sourceTree = "<group>";
		};
		ADB3E9F022441D24007CC2F2 /* Protocols */ = {
			isa = PBXGroup;
			children = (
				ADB3E9F122441D56007CC2F2 /* CellViewModel.swift */,
				ADB3E9F322441D6D007CC2F2 /* DisplayCollection.swift */,
				ADB3E9F522441D85007CC2F2 /* ReusableCell.swift */,
				AD17FF382244A1250073F0BB /* Reusable.swift */,
				AD17FF3A2244A9CC0073F0BB /* Updatable.swift */,
			);
			path = Protocols;
			sourceTree = "<group>";
		};
		ADE576E32236E59B0006200D = {
			isa = PBXGroup;
			children = (
				ADE576EE2236E59B0006200D /* TelegramCharts */,
				ADE576ED2236E59B0006200D /* Products */,
			);
			sourceTree = "<group>";
		};
		ADE576ED2236E59B0006200D /* Products */ = {
			isa = PBXGroup;
			children = (
				ADE576EC2236E59B0006200D /* TelegramCharts.app */,
			);
			name = Products;
			sourceTree = "<group>";
		};
		ADE576EE2236E59B0006200D /* TelegramCharts */ = {
			isa = PBXGroup;
			children = (
				AD2AD47922483D2800B16492 /* README.md */,
				ADE577032236E8920006200D /* Resources */,
				ADE5770B2236E8920006200D /* Sources */,
			);
			path = TelegramCharts;
			sourceTree = "<group>";
		};
		ADE577032236E8920006200D /* Resources */ = {
			isa = PBXGroup;
			children = (
				AD107AC7225B58E100D84D3F /* Round1 */,
				AD107ACA225B58E100D84D3F /* Round2 */,
				ADE577052236E8920006200D /* Assets.xcassets */,
				ADE577062236E8920006200D /* LaunchScreen.storyboard */,
				ADE577082236E8920006200D /* Main.storyboard */,
				ADE5770A2236E8920006200D /* Info.plist */,
			);
			path = Resources;
			sourceTree = "<group>";
		};
		ADE5770B2236E8920006200D /* Sources */ = {
			isa = PBXGroup;
			children = (
				AD2AD4742247430500B16492 /* Services */,
				ADB3E9F022441D24007CC2F2 /* Protocols */,
				ADE577232236FE500006200D /* Extensions */,
				AD9226D8223A12D300A5B7D6 /* DrawingStyle */,
				AD9226D3223A129600A5B7D6 /* ColorScheme */,
				AD9226C62238BEC100A5B7D6 /* ChartPresentation */,
				ADE577222236FE450006200D /* ChartModel */,
				ADB3E9E022441BCB007CC2F2 /* Cells */,
				AD17FF40224646FA0073F0BB /* ChartDataSource.swift */,
				ADE5770C2236E8920006200D /* ChartViewController.swift */,
				AD17FF302244978F0073F0BB /* ChartDisplayCollection.swift */,
				ADCD101E22441697006A9856 /* NavigationViewController.swift */,
				ADE5770D2236E8920006200D /* AppDelegate.swift */,
			);
			path = Sources;
			sourceTree = "<group>";
		};
		ADE577222236FE450006200D /* ChartModel */ = {
			isa = PBXGroup;
			children = (
				AD9226CF2238CBA800A5B7D6 /* ChartModel.swift */,
				AD17FF3622449EBF0073F0BB /* ChartModelFactory.swift */,
				ADE577202236EDB20006200D /* DataChartModelFactory.swift */,
				ADE57726223702C50006200D /* DataChartModel.swift */,
				AD17FF3E224619950073F0BB /* ChartDataSourceFactory.swift */,
			);
			path = ChartModel;
			sourceTree = "<group>";
		};
		ADE577232236FE500006200D /* Extensions */ = {
			isa = PBXGroup;
			children = (
				ADE577242236FE620006200D /* UIColorExtensions.swift */,
				AD2AD4722246E3BE00B16492 /* UIViewExtensions.swift */,
				ADDBBDC82241F2210090E2AD /* Date+Formatter.swift */,
				AD9226DD223A286E00A5B7D6 /* IntExtensions.swift */,
				AD94517B223D90EF00E8CD9D /* CGFloatExtensions.swift */,
				ADDBBDC6224023F00090E2AD /* CALayer+Animations.swift */,
				ADB3E9F722441E2A007CC2F2 /* UITableViewCellExtenions.swift */,
				ADB3E9F922441E4A007CC2F2 /* UITableViewExtenions.swift */,
				AD71D8EE22627BA500701EC0 /* UIImageExtensions.swift */,
			);
			path = Extensions;
			sourceTree = "<group>";
		};
		ADFF33B1224527160019A4D4 /* Section */ = {
			isa = PBXGroup;
			children = (
				ADFF33B22245272F0019A4D4 /* SectionTableViewCellModel.swift */,
				ADFF33B6224527620019A4D4 /* SectionTableViewCell.swift */,
				ADFF33B7224527620019A4D4 /* SectionTableViewCell.xib */,
			);
			path = Section;
			sourceTree = "<group>";
		};
/* End PBXGroup section */

/* Begin PBXNativeTarget section */
		ADE576EB2236E59B0006200D /* TelegramCharts */ = {
			isa = PBXNativeTarget;
			buildConfigurationList = ADE576FE2236E59E0006200D /* Build configuration list for PBXNativeTarget "TelegramCharts" */;
			buildPhases = (
				ADE576E82236E59B0006200D /* Sources */,
				ADE576E92236E59B0006200D /* Frameworks */,
				ADE576EA2236E59B0006200D /* Resources */,
			);
			buildRules = (
			);
			dependencies = (
			);
			name = TelegramCharts;
			productName = TelegramCharts;
			productReference = ADE576EC2236E59B0006200D /* TelegramCharts.app */;
			productType = "com.apple.product-type.application";
		};
/* End PBXNativeTarget section */

/* Begin PBXProject section */
		ADE576E42236E59B0006200D /* Project object */ = {
			isa = PBXProject;
			attributes = {
				LastSwiftUpdateCheck = 1010;
				LastUpgradeCheck = 1010;
				ORGANIZATIONNAME = "@zsergey";
				TargetAttributes = {
					ADE576EB2236E59B0006200D = {
						CreatedOnToolsVersion = 10.1;
					};
				};
			};
			buildConfigurationList = ADE576E72236E59B0006200D /* Build configuration list for PBXProject "TelegramCharts" */;
			compatibilityVersion = "Xcode 9.3";
			developmentRegion = en;
			hasScannedForEncodings = 0;
			knownRegions = (
				en,
				Base,
			);
			mainGroup = ADE576E32236E59B0006200D;
			productRefGroup = ADE576ED2236E59B0006200D /* Products */;
			projectDirPath = "";
			projectRoot = "";
			targets = (
				ADE576EB2236E59B0006200D /* TelegramCharts */,
			);
		};
/* End PBXProject section */

/* Begin PBXResourcesBuildPhase section */
		ADE576EA2236E59B0006200D /* Resources */ = {
			isa = PBXResourcesBuildPhase;
			buildActionMask = 2147483647;
			files = (
				AD71D8EB2261E3FB00701EC0 /* overview5_5.json in Resources */,
				ADC5E88F225F85B60062A4AE /* chart_data_1.json in Resources */,
				ADC5E88C225F85B60062A4AE /* chart_data_3.json in Resources */,
				AD107ADA225B58E100D84D3F /* overview2.json in Resources */,
				AD107AD7225B58E100D84D3F /* overview1.json in Resources */,
				ADE577102236E8920006200D /* LaunchScreen.storyboard in Resources */,
				ADFF33B9224527620019A4D4 /* SectionTableViewCell.xib in Resources */,
				ADC5E88D225F85B60062A4AE /* chart_data_2.json in Resources */,
				AD107AD6225B58E100D84D3F /* chart_data_max.json in Resources */,
				ADC8D1F9226130400087EDB3 /* overview3_3.json in Resources */,
				AD107AD5225B58E100D84D3F /* chart_data.json in Resources */,
				AD2AD47A22483D2800B16492 /* README.md in Resources */,
				ADE5770F2236E8920006200D /* Assets.xcassets in Resources */,
				AD107ADB225B58E100D84D3F /* overview5.json in Resources */,
				ADC5E88E225F85B60062A4AE /* chart_data_5.json in Resources */,
				ADB3E9E522441BE9007CC2F2 /* ChartTableViewCell.xib in Resources */,
				ADC5E890225F85B60062A4AE /* chart_data_4.json in Resources */,
				AD107AD9225B58E100D84D3F /* overview3.json in Resources */,
				AD107AD8225B58E100D84D3F /* overview4.json in Resources */,
				ADE577112236E8920006200D /* Main.storyboard in Resources */,
			);
			runOnlyForDeploymentPostprocessing = 0;
		};
/* End PBXResourcesBuildPhase section */

/* Begin PBXSourcesBuildPhase section */
		ADE576E82236E59B0006200D /* Sources */ = {
			isa = PBXSourcesBuildPhase;
			buildActionMask = 2147483647;
			files = (
				AD2AD4762247B15600B16492 /* TextLayer.swift in Sources */,
				ADDBBDC92241F2210090E2AD /* Date+Formatter.swift in Sources */,
				AD17FF41224646FA0073F0BB /* ChartDataSource.swift in Sources */,
				AD71D8EF22627BA500701EC0 /* UIImageExtensions.swift in Sources */,
				ADE577142236E8920006200D /* AppDelegate.swift in Sources */,
				AD17FF312244978F0073F0BB /* ChartDisplayCollection.swift in Sources */,
				AD9226D7223A12B800A5B7D6 /* NightScheme.swift in Sources */,
				ADB3E9F822441E2A007CC2F2 /* UITableViewCellExtenions.swift in Sources */,
				AD2AD4782248207300B16492 /* Painter.swift in Sources */,
				AD17FF3D224613DD0073F0BB /* TapticFeedback.swift in Sources */,
				ADE577132236E8920006200D /* ChartViewController.swift in Sources */,
				ADB3E9F222441D56007CC2F2 /* CellViewModel.swift in Sources */,
				ADDBBDC5224010010090E2AD /* ValueLayer.swift in Sources */,
				AD1C5D16225B1C6700F9A083 /* CheckButton.swift in Sources */,
				ADFF33B8224527620019A4D4 /* SectionTableViewCell.swift in Sources */,
				ADB3E9FC22441F4F007CC2F2 /* ChartTableViewCellModel.swift in Sources */,
				AD17FF3F224619950073F0BB /* ChartDataSourceFactory.swift in Sources */,
				AD107ADD225C6B4900D84D3F /* StackedDrawingStyle.swift in Sources */,
				AD9226DA223A135D00A5B7D6 /* StandardDrawingStyle.swift in Sources */,
				AD9226CE2238C76E00A5B7D6 /* ColorSchemeProtocol.swift in Sources */,
				AD17FF3B2244A9CC0073F0BB /* Updatable.swift in Sources */,
				ADC8D1ED22608B440087EDB3 /* CalcOperation.swift in Sources */,
				ADE577252236FE620006200D /* UIColorExtensions.swift in Sources */,
				AD9226D02238CBA800A5B7D6 /* ChartModel.swift in Sources */,
				AD9226CC2238BEEF00A5B7D6 /* DotLayer.swift in Sources */,
				AD2AD4732246E3BE00B16492 /* UIViewExtensions.swift in Sources */,
				ADFF33B32245272F0019A4D4 /* SectionTableViewCellModel.swift in Sources */,
				ADE577212236EDB20006200D /* DataChartModelFactory.swift in Sources */,
				AD94517C223D90EF00E8CD9D /* CGFloatExtensions.swift in Sources */,
				ADB3E9F422441D6D007CC2F2 /* DisplayCollection.swift in Sources */,
				ADCD101F22441697006A9856 /* NavigationViewController.swift in Sources */,
				AD17FF3722449EBF0073F0BB /* ChartModelFactory.swift in Sources */,
				AD68E210223D255700576C20 /* SliderView.swift in Sources */,
				AD9226CB2238BEEF00A5B7D6 /* ChartContentView.swift in Sources */,
				ADDBBDC7224023F00090E2AD /* CALayer+Animations.swift in Sources */,
				ADC8D1F12260AD9B0087EDB3 /* LabelsProcessor.swift in Sources */,
				ADE57727223702C50006200D /* DataChartModel.swift in Sources */,
				AD9226D5223A12A900A5B7D6 /* DayScheme.swift in Sources */,
				ADC861C4225E10E900E697C8 /* Math.swift in Sources */,
				ADB3E9E422441BE9007CC2F2 /* ChartTableViewCell.swift in Sources */,
				AD9226DE223A286E00A5B7D6 /* IntExtensions.swift in Sources */,
				ADB3E9FA22441E4A007CC2F2 /* UITableViewExtenions.swift in Sources */,
				AD9226D2223A122B00A5B7D6 /* DrawingStyleProtocol.swift in Sources */,
				ADC5E892225FB7F20062A4AE /* BacKButton.swift in Sources */,
				ADC5E884225F582F0062A4AE /* CurveDrawingStyle.swift in Sources */,
				AD107ADF225D168800D84D3F /* PercentageDrawingStyle.swift in Sources */,
				ADB3E9F622441D85007CC2F2 /* ReusableCell.swift in Sources */,
				AD17FF392244A1250073F0BB /* Reusable.swift in Sources */,
			);
			runOnlyForDeploymentPostprocessing = 0;
		};
/* End PBXSourcesBuildPhase section */

/* Begin PBXVariantGroup section */
		ADE577062236E8920006200D /* LaunchScreen.storyboard */ = {
			isa = PBXVariantGroup;
			children = (
				ADE577072236E8920006200D /* Base */,
			);
			name = LaunchScreen.storyboard;
			sourceTree = "<group>";
		};
		ADE577082236E8920006200D /* Main.storyboard */ = {
			isa = PBXVariantGroup;
			children = (
				ADE577092236E8920006200D /* Base */,
			);
			name = Main.storyboard;
			sourceTree = "<group>";
		};
/* End PBXVariantGroup section */

/* Begin XCBuildConfiguration section */
		ADE576FC2236E59E0006200D /* Debug */ = {
			isa = XCBuildConfiguration;
			buildSettings = {
				ALWAYS_SEARCH_USER_PATHS = NO;
				CLANG_ANALYZER_NONNULL = YES;
				CLANG_ANALYZER_NUMBER_OBJECT_CONVERSION = YES_AGGRESSIVE;
				CLANG_CXX_LANGUAGE_STANDARD = "gnu++14";
				CLANG_CXX_LIBRARY = "libc++";
				CLANG_ENABLE_MODULES = YES;
				CLANG_ENABLE_OBJC_ARC = YES;
				CLANG_ENABLE_OBJC_WEAK = YES;
				CLANG_WARN_BLOCK_CAPTURE_AUTORELEASING = YES;
				CLANG_WARN_BOOL_CONVERSION = YES;
				CLANG_WARN_COMMA = YES;
				CLANG_WARN_CONSTANT_CONVERSION = YES;
				CLANG_WARN_DEPRECATED_OBJC_IMPLEMENTATIONS = YES;
				CLANG_WARN_DIRECT_OBJC_ISA_USAGE = YES_ERROR;
				CLANG_WARN_DOCUMENTATION_COMMENTS = YES;
				CLANG_WARN_EMPTY_BODY = YES;
				CLANG_WARN_ENUM_CONVERSION = YES;
				CLANG_WARN_INFINITE_RECURSION = YES;
				CLANG_WARN_INT_CONVERSION = YES;
				CLANG_WARN_NON_LITERAL_NULL_CONVERSION = YES;
				CLANG_WARN_OBJC_IMPLICIT_RETAIN_SELF = YES;
				CLANG_WARN_OBJC_LITERAL_CONVERSION = YES;
				CLANG_WARN_OBJC_ROOT_CLASS = YES_ERROR;
				CLANG_WARN_RANGE_LOOP_ANALYSIS = YES;
				CLANG_WARN_STRICT_PROTOTYPES = YES;
				CLANG_WARN_SUSPICIOUS_MOVE = YES;
				CLANG_WARN_UNGUARDED_AVAILABILITY = YES_AGGRESSIVE;
				CLANG_WARN_UNREACHABLE_CODE = YES;
				CLANG_WARN__DUPLICATE_METHOD_MATCH = YES;
				CODE_SIGN_IDENTITY = "iPhone Developer";
				COPY_PHASE_STRIP = NO;
				DEBUG_INFORMATION_FORMAT = dwarf;
				ENABLE_STRICT_OBJC_MSGSEND = YES;
				ENABLE_TESTABILITY = YES;
				GCC_C_LANGUAGE_STANDARD = gnu11;
				GCC_DYNAMIC_NO_PIC = NO;
				GCC_NO_COMMON_BLOCKS = YES;
				GCC_OPTIMIZATION_LEVEL = 0;
				GCC_PREPROCESSOR_DEFINITIONS = (
					"DEBUG=1",
					"$(inherited)",
				);
				GCC_WARN_64_TO_32_BIT_CONVERSION = YES;
				GCC_WARN_ABOUT_RETURN_TYPE = YES_ERROR;
				GCC_WARN_UNDECLARED_SELECTOR = YES;
				GCC_WARN_UNINITIALIZED_AUTOS = YES_AGGRESSIVE;
				GCC_WARN_UNUSED_FUNCTION = YES;
				GCC_WARN_UNUSED_VARIABLE = YES;
				IPHONEOS_DEPLOYMENT_TARGET = 9.0;
				MTL_ENABLE_DEBUG_INFO = INCLUDE_SOURCE;
				MTL_FAST_MATH = YES;
				ONLY_ACTIVE_ARCH = YES;
				SDKROOT = iphoneos;
				SWIFT_ACTIVE_COMPILATION_CONDITIONS = DEBUG;
				SWIFT_OPTIMIZATION_LEVEL = "-Onone";
			};
			name = Debug;
		};
		ADE576FD2236E59E0006200D /* Release */ = {
			isa = XCBuildConfiguration;
			buildSettings = {
				ALWAYS_SEARCH_USER_PATHS = NO;
				CLANG_ANALYZER_NONNULL = YES;
				CLANG_ANALYZER_NUMBER_OBJECT_CONVERSION = YES_AGGRESSIVE;
				CLANG_CXX_LANGUAGE_STANDARD = "gnu++14";
				CLANG_CXX_LIBRARY = "libc++";
				CLANG_ENABLE_MODULES = YES;
				CLANG_ENABLE_OBJC_ARC = YES;
				CLANG_ENABLE_OBJC_WEAK = YES;
				CLANG_WARN_BLOCK_CAPTURE_AUTORELEASING = YES;
				CLANG_WARN_BOOL_CONVERSION = YES;
				CLANG_WARN_COMMA = YES;
				CLANG_WARN_CONSTANT_CONVERSION = YES;
				CLANG_WARN_DEPRECATED_OBJC_IMPLEMENTATIONS = YES;
				CLANG_WARN_DIRECT_OBJC_ISA_USAGE = YES_ERROR;
				CLANG_WARN_DOCUMENTATION_COMMENTS = YES;
				CLANG_WARN_EMPTY_BODY = YES;
				CLANG_WARN_ENUM_CONVERSION = YES;
				CLANG_WARN_INFINITE_RECURSION = YES;
				CLANG_WARN_INT_CONVERSION = YES;
				CLANG_WARN_NON_LITERAL_NULL_CONVERSION = YES;
				CLANG_WARN_OBJC_IMPLICIT_RETAIN_SELF = YES;
				CLANG_WARN_OBJC_LITERAL_CONVERSION = YES;
				CLANG_WARN_OBJC_ROOT_CLASS = YES_ERROR;
				CLANG_WARN_RANGE_LOOP_ANALYSIS = YES;
				CLANG_WARN_STRICT_PROTOTYPES = YES;
				CLANG_WARN_SUSPICIOUS_MOVE = YES;
				CLANG_WARN_UNGUARDED_AVAILABILITY = YES_AGGRESSIVE;
				CLANG_WARN_UNREACHABLE_CODE = YES;
				CLANG_WARN__DUPLICATE_METHOD_MATCH = YES;
				CODE_SIGN_IDENTITY = "iPhone Developer";
				COPY_PHASE_STRIP = NO;
				DEBUG_INFORMATION_FORMAT = "dwarf-with-dsym";
				ENABLE_NS_ASSERTIONS = NO;
				ENABLE_STRICT_OBJC_MSGSEND = YES;
				GCC_C_LANGUAGE_STANDARD = gnu11;
				GCC_NO_COMMON_BLOCKS = YES;
				GCC_WARN_64_TO_32_BIT_CONVERSION = YES;
				GCC_WARN_ABOUT_RETURN_TYPE = YES_ERROR;
				GCC_WARN_UNDECLARED_SELECTOR = YES;
				GCC_WARN_UNINITIALIZED_AUTOS = YES_AGGRESSIVE;
				GCC_WARN_UNUSED_FUNCTION = YES;
				GCC_WARN_UNUSED_VARIABLE = YES;
				IPHONEOS_DEPLOYMENT_TARGET = 9.0;
				MTL_ENABLE_DEBUG_INFO = NO;
				MTL_FAST_MATH = YES;
				SDKROOT = iphoneos;
				SWIFT_COMPILATION_MODE = wholemodule;
				SWIFT_OPTIMIZATION_LEVEL = "-O";
				VALIDATE_PRODUCT = YES;
			};
			name = Release;
		};
		ADE576FF2236E59E0006200D /* Debug */ = {
			isa = XCBuildConfiguration;
			buildSettings = {
				ASSETCATALOG_COMPILER_APPICON_NAME = AppIcon;
				CODE_SIGN_STYLE = Automatic;
				DEVELOPMENT_TEAM = G9N53683T3;
				INFOPLIST_FILE = TelegramCharts/Resources/Info.plist;
				IPHONEOS_DEPLOYMENT_TARGET = 9.0;
				LD_RUNPATH_SEARCH_PATHS = (
					"$(inherited)",
					"@executable_path/Frameworks",
				);
				PRODUCT_BUNDLE_IDENTIFIER = com.zsergey.Transformator;
				PRODUCT_NAME = "$(TARGET_NAME)";
				SWIFT_VERSION = 4.2;
				TARGETED_DEVICE_FAMILY = "1,2";
			};
			name = Debug;
		};
		ADE577002236E59E0006200D /* Release */ = {
			isa = XCBuildConfiguration;
			buildSettings = {
				ASSETCATALOG_COMPILER_APPICON_NAME = AppIcon;
				CODE_SIGN_STYLE = Automatic;
				DEVELOPMENT_TEAM = G9N53683T3;
				INFOPLIST_FILE = TelegramCharts/Resources/Info.plist;
				IPHONEOS_DEPLOYMENT_TARGET = 9.0;
				LD_RUNPATH_SEARCH_PATHS = (
					"$(inherited)",
					"@executable_path/Frameworks",
				);
				PRODUCT_BUNDLE_IDENTIFIER = com.zsergey.Transformator;
				PRODUCT_NAME = "$(TARGET_NAME)";
				SWIFT_VERSION = 4.2;
				TARGETED_DEVICE_FAMILY = "1,2";
			};
			name = Release;
		};
/* End XCBuildConfiguration section */

/* Begin XCConfigurationList section */
		ADE576E72236E59B0006200D /* Build configuration list for PBXProject "TelegramCharts" */ = {
			isa = XCConfigurationList;
			buildConfigurations = (
				ADE576FC2236E59E0006200D /* Debug */,
				ADE576FD2236E59E0006200D /* Release */,
			);
			defaultConfigurationIsVisible = 0;
			defaultConfigurationName = Release;
		};
		ADE576FE2236E59E0006200D /* Build configuration list for PBXNativeTarget "TelegramCharts" */ = {
			isa = XCConfigurationList;
			buildConfigurations = (
				ADE576FF2236E59E0006200D /* Debug */,
				ADE577002236E59E0006200D /* Release */,
			);
			defaultConfigurationIsVisible = 0;
			defaultConfigurationName = Release;
		};
/* End XCConfigurationList section */
	};
	rootObject = ADE576E42236E59B0006200D /* Project object */;
}
